
Microsoft Visual Studio Solution File, Format Version 12.00
# Visual Studio Version 17
VisualStudioVersion = 17.3.32901.215
MinimumVisualStudioVersion = 10.0.40219.1
Project("{9A19103F-16F7-4668-BE54-9A1E7A4F7556}") = "Event Manager", "..\Event Manager\Event Manager.csproj", "{D8D2C9E1-2E2B-4A94-B2E4-D2CADC439713}"
EndProject
Project("{9A19103F-16F7-4668-BE54-9A1E7A4F7556}") = "Domein", "..\Domein\Domein.csproj", "{EEE0AB30-E9C6-4838-B4AA-1C3336627857}"
EndProject
Project("{FAE04EC0-301F-11D3-BF4B-00C04F79EFBC}") = "InternalData", "InternalData\InternalData.csproj", "{8C44DAD6-4288-4B39-A003-8962FCB2FBE9}"
EndProject
Global
	GlobalSection(SolutionConfigurationPlatforms) = preSolution
		Debug|Any CPU = Debug|Any CPU
		Release|Any CPU = Release|Any CPU
	EndGlobalSection
	GlobalSection(ProjectConfigurationPlatforms) = postSolution
		{D8D2C9E1-2E2B-4A94-B2E4-D2CADC439713}.Debug|Any CPU.ActiveCfg = Debug|Any CPU
		{D8D2C9E1-2E2B-4A94-B2E4-D2CADC439713}.Debug|Any CPU.Build.0 = Debug|Any CPU
		{D8D2C9E1-2E2B-4A94-B2E4-D2CADC439713}.Release|Any CPU.ActiveCfg = Release|Any CPU
		{D8D2C9E1-2E2B-4A94-B2E4-D2CADC439713}.Release|Any CPU.Build.0 = Release|Any CPU
		{EEE0AB30-E9C6-4838-B4AA-1C3336627857}.Debug|Any CPU.ActiveCfg = Debug|Any CPU
		{EEE0AB30-E9C6-4838-B4AA-1C3336627857}.Debug|Any CPU.Build.0 = Debug|Any CPU
		{EEE0AB30-E9C6-4838-B4AA-1C3336627857}.Release|Any CPU.ActiveCfg = Release|Any CPU
		{EEE0AB30-E9C6-4838-B4AA-1C3336627857}.Release|Any CPU.Build.0 = Release|Any CPU
		{8C44DAD6-4288-4B39-A003-8962FCB2FBE9}.Debug|Any CPU.ActiveCfg = Debug|Any CPU
		{8C44DAD6-4288-4B39-A003-8962FCB2FBE9}.Debug|Any CPU.Build.0 = Debug|Any CPU
		{8C44DAD6-4288-4B39-A003-8962FCB2FBE9}.Release|Any CPU.ActiveCfg = Release|Any CPU
		{8C44DAD6-4288-4B39-A003-8962FCB2FBE9}.Release|Any CPU.Build.0 = Release|Any CPU
	EndGlobalSection
	GlobalSection(SolutionProperties) = preSolution
		HideSolutionNode = FALSE
	EndGlobalSection
	GlobalSection(ExtensibilityGlobals) = postSolution
		SolutionGuid = {D3D6D8CF-4ABF-4BD0-BFF1-FE6744F9410C}
	EndGlobalSection
EndGlobal
